
Microsoft Visual Studio Solution File, Format Version 12.00
# Visual Studio Version 17
VisualStudioVersion = 17.2.32616.157
MinimumVisualStudioVersion = 10.0.40219.1
Project("{9A19103F-16F7-4668-BE54-9A1E7A4F7556}") = "GrpcAPI", "GrpcAPI\GrpcAPI.csproj", "{D4C7382C-9572-489A-839A-4EB6731C186F}"
EndProject
Project("{9A19103F-16F7-4668-BE54-9A1E7A4F7556}") = "RESTvsGRPC", "RESTvsGRPC\RESTvsGRPC.csproj", "{9E2B6B5D-7EE8-4E52-9FEA-EF18D0919E31}"
EndProject
Project("{9A19103F-16F7-4668-BE54-9A1E7A4F7556}") = "RestAPI", "RestAPI\RestAPI.csproj", "{2EB0E837-7F9C-480F-87F8-DFADDB697314}"
EndProject
Global
	GlobalSection(SolutionConfigurationPlatforms) = preSolution
		Debug|Any CPU = Debug|Any CPU
		Release|Any CPU = Release|Any CPU
	EndGlobalSection
	GlobalSection(ProjectConfigurationPlatforms) = postSolution
		{D4C7382C-9572-489A-839A-4EB6731C186F}.Debug|Any CPU.ActiveCfg = Debug|Any CPU
		{D4C7382C-9572-489A-839A-4EB6731C186F}.Debug|Any CPU.Build.0 = Debug|Any CPU
		{D4C7382C-9572-489A-839A-4EB6731C186F}.Release|Any CPU.ActiveCfg = Release|Any CPU
		{D4C7382C-9572-489A-839A-4EB6731C186F}.Release|Any CPU.Build.0 = Release|Any CPU
		{9E2B6B5D-7EE8-4E52-9FEA-EF18D0919E31}.Debug|Any CPU.ActiveCfg = Debug|Any CPU
		{9E2B6B5D-7EE8-4E52-9FEA-EF18D0919E31}.Debug|Any CPU.Build.0 = Debug|Any CPU
		{9E2B6B5D-7EE8-4E52-9FEA-EF18D0919E31}.Release|Any CPU.ActiveCfg = Release|Any CPU
		{9E2B6B5D-7EE8-4E52-9FEA-EF18D0919E31}.Release|Any CPU.Build.0 = Release|Any CPU
		{2EB0E837-7F9C-480F-87F8-DFADDB697314}.Debug|Any CPU.ActiveCfg = Debug|Any CPU
		{2EB0E837-7F9C-480F-87F8-DFADDB697314}.Debug|Any CPU.Build.0 = Debug|Any CPU
		{2EB0E837-7F9C-480F-87F8-DFADDB697314}.Release|Any CPU.ActiveCfg = Release|Any CPU
		{2EB0E837-7F9C-480F-87F8-DFADDB697314}.Release|Any CPU.Build.0 = Release|Any CPU
	EndGlobalSection
	GlobalSection(SolutionProperties) = preSolution
		HideSolutionNode = FALSE
	EndGlobalSection
	GlobalSection(ExtensibilityGlobals) = postSolution
		SolutionGuid = {7900E02C-8791-4DFE-8156-4093605C6165}
	EndGlobalSection
EndGlobal
